
Microsoft Visual Studio Solution File, Format Version 12.00
# Visual Studio 15
VisualStudioVersion = 15.0.27004.2009
MinimumVisualStudioVersion = 10.0.40219.1
Project("{FAE04EC0-301F-11D3-BF4B-00C04F79EFBC}") = "E6", "E6\E6.csproj", "{50C856C5-8F60-401D-AD96-6D477DBCC458}"
EndProject
Project("{FAE04EC0-301F-11D3-BF4B-00C04F79EFBC}") = "_Ex7", "..\_Ex7\_Ex7\_Ex7.csproj", "{70209AA7-B9FB-42B6-B821-B99FFEACA226}"
EndProject
Global
	GlobalSection(SolutionConfigurationPlatforms) = preSolution
		Debug|Any CPU = Debug|Any CPU
		Release|Any CPU = Release|Any CPU
	EndGlobalSection
	GlobalSection(ProjectConfigurationPlatforms) = postSolution
		{50C856C5-8F60-401D-AD96-6D477DBCC458}.Debug|Any CPU.ActiveCfg = Debug|Any CPU
		{50C856C5-8F60-401D-AD96-6D477DBCC458}.Debug|Any CPU.Build.0 = Debug|Any CPU
		{50C856C5-8F60-401D-AD96-6D477DBCC458}.Release|Any CPU.ActiveCfg = Release|Any CPU
		{50C856C5-8F60-401D-AD96-6D477DBCC458}.Release|Any CPU.Build.0 = Release|Any CPU
		{70209AA7-B9FB-42B6-B821-B99FFEACA226}.Debug|Any CPU.ActiveCfg = Debug|Any CPU
		{70209AA7-B9FB-42B6-B821-B99FFEACA226}.Debug|Any CPU.Build.0 = Debug|Any CPU
		{70209AA7-B9FB-42B6-B821-B99FFEACA226}.Release|Any CPU.ActiveCfg = Release|Any CPU
		{70209AA7-B9FB-42B6-B821-B99FFEACA226}.Release|Any CPU.Build.0 = Release|Any CPU
	EndGlobalSection
	GlobalSection(SolutionProperties) = preSolution
		HideSolutionNode = FALSE
	EndGlobalSection
	GlobalSection(ExtensibilityGlobals) = postSolution
		SolutionGuid = {1FC2FC87-1F21-4E54-BD6B-C8C1AAA3A13C}
	EndGlobalSection
EndGlobal
